
Microsoft Visual Studio Solution File, Format Version 12.00
# Visual Studio Version 16
VisualStudioVersion = 16.0.31729.503
MinimumVisualStudioVersion = 10.0.40219.1
Project("{FAE04EC0-301F-11D3-BF4B-00C04F79EFBC}") = "serial provider", "serial provider\serial provider.csproj", "{7C6A200E-9673-422D-84A8-A3814CAED7F2}"
EndProject
Global
	GlobalSection(SolutionConfigurationPlatforms) = preSolution
		Debug|Any CPU = Debug|Any CPU
		Release|Any CPU = Release|Any CPU
	EndGlobalSection
	GlobalSection(ProjectConfigurationPlatforms) = postSolution
		{7C6A200E-9673-422D-84A8-A3814CAED7F2}.Debug|Any CPU.ActiveCfg = Debug|Any CPU
		{7C6A200E-9673-422D-84A8-A3814CAED7F2}.Debug|Any CPU.Build.0 = Debug|Any CPU
		{7C6A200E-9673-422D-84A8-A3814CAED7F2}.Release|Any CPU.ActiveCfg = Release|Any CPU
		{7C6A200E-9673-422D-84A8-A3814CAED7F2}.Release|Any CPU.Build.0 = Release|Any CPU
	EndGlobalSection
	GlobalSection(SolutionProperties) = preSolution
		HideSolutionNode = FALSE
	EndGlobalSection
	GlobalSection(ExtensibilityGlobals) = postSolution
		SolutionGuid = {AEF36786-AB9F-4BE0-8F33-EB2FFDB7D58E}
	EndGlobalSection
EndGlobal
